
Microsoft Visual Studio Solution File, Format Version 12.00
# Visual Studio Version 16
VisualStudioVersion = 16.0.30804.86
MinimumVisualStudioVersion = 10.0.40219.1
Project("{FAE04EC0-301F-11D3-BF4B-00C04F79EFBC}") = "DigitalMarket", "DigitalMarket\DigitalMarket.csproj", "{DC3A4867-0568-420E-9CBA-06065BAA57E9}"
EndProject
Project("{FAE04EC0-301F-11D3-BF4B-00C04F79EFBC}") = "DigitalMarket.DAL", "DigitalMarket.DAL\DigitalMarket.DAL.csproj", "{913B48A1-C491-4D0A-943E-388F31D4C3DE}"
EndProject
Project("{FAE04EC0-301F-11D3-BF4B-00C04F79EFBC}") = "DigitalMarket.Services", "DigitalMarket.Services\DigitalMarket.Services.csproj", "{A8978397-EA3E-4996-A74B-B6539C38CE30}"
EndProject
Project("{FAE04EC0-301F-11D3-BF4B-00C04F79EFBC}") = "DigitalMarket.Models", "DigitalMarket.Models\DigitalMarket.Models.csproj", "{646B94F0-CD57-4769-A8FE-97DD954959CB}"
EndProject
Global
	GlobalSection(SolutionConfigurationPlatforms) = preSolution
		Debug|Any CPU = Debug|Any CPU
		Release|Any CPU = Release|Any CPU
	EndGlobalSection
	GlobalSection(ProjectConfigurationPlatforms) = postSolution
		{DC3A4867-0568-420E-9CBA-06065BAA57E9}.Debug|Any CPU.ActiveCfg = Debug|Any CPU
		{DC3A4867-0568-420E-9CBA-06065BAA57E9}.Debug|Any CPU.Build.0 = Debug|Any CPU
		{DC3A4867-0568-420E-9CBA-06065BAA57E9}.Release|Any CPU.ActiveCfg = Release|Any CPU
		{DC3A4867-0568-420E-9CBA-06065BAA57E9}.Release|Any CPU.Build.0 = Release|Any CPU
		{913B48A1-C491-4D0A-943E-388F31D4C3DE}.Debug|Any CPU.ActiveCfg = Debug|Any CPU
		{913B48A1-C491-4D0A-943E-388F31D4C3DE}.Debug|Any CPU.Build.0 = Debug|Any CPU
		{913B48A1-C491-4D0A-943E-388F31D4C3DE}.Release|Any CPU.ActiveCfg = Release|Any CPU
		{913B48A1-C491-4D0A-943E-388F31D4C3DE}.Release|Any CPU.Build.0 = Release|Any CPU
		{A8978397-EA3E-4996-A74B-B6539C38CE30}.Debug|Any CPU.ActiveCfg = Debug|Any CPU
		{A8978397-EA3E-4996-A74B-B6539C38CE30}.Debug|Any CPU.Build.0 = Debug|Any CPU
		{A8978397-EA3E-4996-A74B-B6539C38CE30}.Release|Any CPU.ActiveCfg = Release|Any CPU
		{A8978397-EA3E-4996-A74B-B6539C38CE30}.Release|Any CPU.Build.0 = Release|Any CPU
		{646B94F0-CD57-4769-A8FE-97DD954959CB}.Debug|Any CPU.ActiveCfg = Debug|Any CPU
		{646B94F0-CD57-4769-A8FE-97DD954959CB}.Debug|Any CPU.Build.0 = Debug|Any CPU
		{646B94F0-CD57-4769-A8FE-97DD954959CB}.Release|Any CPU.ActiveCfg = Release|Any CPU
		{646B94F0-CD57-4769-A8FE-97DD954959CB}.Release|Any CPU.Build.0 = Release|Any CPU
	EndGlobalSection
	GlobalSection(SolutionProperties) = preSolution
		HideSolutionNode = FALSE
	EndGlobalSection
	GlobalSection(ExtensibilityGlobals) = postSolution
		SolutionGuid = {0F9028FE-0571-4E46-AA6F-D7DFBD604539}
	EndGlobalSection
EndGlobal
